
Microsoft Visual Studio Solution File, Format Version 12.00
# Visual Studio 15
VisualStudioVersion = 15.0.26014.0
MinimumVisualStudioVersion = 10.0.40219.1
Project("{2150E333-8FDC-42A3-9474-1A3956D46DE8}") = "src", "src", "{E0ED6476-298F-4B47-9079-D4FFD040FDA3}"
EndProject
Project("{FAE04EC0-301F-11D3-BF4B-00C04F79EFBC}") = "Plaza", "src\Plaza\Plaza.csproj", "{15291455-F6AF-4073-914C-1B907924E988}"
EndProject
Global
	GlobalSection(SolutionConfigurationPlatforms) = preSolution
		Debug|Any CPU = Debug|Any CPU
		Debug|x64 = Debug|x64
		Debug|x86 = Debug|x86
		Release|Any CPU = Release|Any CPU
		Release|x64 = Release|x64
		Release|x86 = Release|x86
	EndGlobalSection
	GlobalSection(ProjectConfigurationPlatforms) = postSolution
		{15291455-F6AF-4073-914C-1B907924E988}.Debug|Any CPU.ActiveCfg = Debug|Any CPU
		{15291455-F6AF-4073-914C-1B907924E988}.Debug|Any CPU.Build.0 = Debug|Any CPU
		{15291455-F6AF-4073-914C-1B907924E988}.Debug|x64.ActiveCfg = Debug|x64
		{15291455-F6AF-4073-914C-1B907924E988}.Debug|x64.Build.0 = Debug|x64
		{15291455-F6AF-4073-914C-1B907924E988}.Debug|x86.ActiveCfg = Debug|x86
		{15291455-F6AF-4073-914C-1B907924E988}.Debug|x86.Build.0 = Debug|x86
		{15291455-F6AF-4073-914C-1B907924E988}.Release|Any CPU.ActiveCfg = Release|Any CPU
		{15291455-F6AF-4073-914C-1B907924E988}.Release|Any CPU.Build.0 = Release|Any CPU
		{15291455-F6AF-4073-914C-1B907924E988}.Release|x64.ActiveCfg = Release|x64
		{15291455-F6AF-4073-914C-1B907924E988}.Release|x64.Build.0 = Release|x64
		{15291455-F6AF-4073-914C-1B907924E988}.Release|x86.ActiveCfg = Release|x86
		{15291455-F6AF-4073-914C-1B907924E988}.Release|x86.Build.0 = Release|x86
	EndGlobalSection
	GlobalSection(SolutionProperties) = preSolution
		HideSolutionNode = FALSE
	EndGlobalSection
	GlobalSection(NestedProjects) = preSolution
		{15291455-F6AF-4073-914C-1B907924E988} = {E0ED6476-298F-4B47-9079-D4FFD040FDA3}
	EndGlobalSection
EndGlobal
